// !$*UTF8*$!
{
	archiveVersion = 1;
	classes = {
	};
	objectVersion = 46;
	objects = {

/* Begin PBXBuildFile section */
		9C5454CF1E90221800543BF2 /* API+ViewController.swift in Sources */ = {isa = PBXBuildFile; fileRef = 9C5454CE1E90221800543BF2 /* API+ViewController.swift */; };
		9C67312F1E900BC900C2D9FE /* AppDelegate.swift in Sources */ = {isa = PBXBuildFile; fileRef = 9C67312E1E900BC900C2D9FE /* AppDelegate.swift */; };
		9C6731311E900BC900C2D9FE /* ViewController.swift in Sources */ = {isa = PBXBuildFile; fileRef = 9C6731301E900BC900C2D9FE /* ViewController.swift */; };
		9C6731341E900BC900C2D9FE /* Main.storyboard in Resources */ = {isa = PBXBuildFile; fileRef = 9C6731321E900BC900C2D9FE /* Main.storyboard */; };
		9C6731371E900BC900C2D9FE /* alexa_simulator.xcdatamodeld in Sources */ = {isa = PBXBuildFile; fileRef = 9C6731351E900BC900C2D9FE /* alexa_simulator.xcdatamodeld */; };
		9C6731391E900BC900C2D9FE /* Assets.xcassets in Resources */ = {isa = PBXBuildFile; fileRef = 9C6731381E900BC900C2D9FE /* Assets.xcassets */; };
		9C67313C1E900BC900C2D9FE /* LaunchScreen.storyboard in Resources */ = {isa = PBXBuildFile; fileRef = 9C67313A1E900BC900C2D9FE /* LaunchScreen.storyboard */; };
		9C6731441E900E0100C2D9FE /* UI+ViewController.swift in Sources */ = {isa = PBXBuildFile; fileRef = 9C6731431E900E0100C2D9FE /* UI+ViewController.swift */; };
		9C6731461E90125600C2D9FE /* ReadAudio+ViewController.swift in Sources */ = {isa = PBXBuildFile; fileRef = 9C6731451E90125600C2D9FE /* ReadAudio+ViewController.swift */; };
		BBDB3B034C5624D7702FBD40 /* Pods_alexa_simulator.framework in Frameworks */ = {isa = PBXBuildFile; fileRef = 321B1EED65E8497D70FF4C3B /* Pods_alexa_simulator.framework */; };
/* End PBXBuildFile section */

/* Begin PBXFileReference section */
		321B1EED65E8497D70FF4C3B /* Pods_alexa_simulator.framework */ = {isa = PBXFileReference; explicitFileType = wrapper.framework; includeInIndex = 0; path = Pods_alexa_simulator.framework; sourceTree = BUILT_PRODUCTS_DIR; };
		61D4EA6B89B74C78820688BA /* Pods-alexa-simulator.debug.xcconfig */ = {isa = PBXFileReference; includeInIndex = 1; lastKnownFileType = text.xcconfig; name = "Pods-alexa-simulator.debug.xcconfig"; path = "Pods/Target Support Files/Pods-alexa-simulator/Pods-alexa-simulator.debug.xcconfig"; sourceTree = "<group>"; };
		9C5454CE1E90221800543BF2 /* API+ViewController.swift */ = {isa = PBXFileReference; fileEncoding = 4; lastKnownFileType = sourcecode.swift; path = "API+ViewController.swift"; sourceTree = "<group>"; };
		9C67312B1E900BC900C2D9FE /* alexa-simulator.app */ = {isa = PBXFileReference; explicitFileType = wrapper.application; includeInIndex = 0; path = "alexa-simulator.app"; sourceTree = BUILT_PRODUCTS_DIR; };
		9C67312E1E900BC900C2D9FE /* AppDelegate.swift */ = {isa = PBXFileReference; lastKnownFileType = sourcecode.swift; path = AppDelegate.swift; sourceTree = "<group>"; };
		9C6731301E900BC900C2D9FE /* ViewController.swift */ = {isa = PBXFileReference; lastKnownFileType = sourcecode.swift; path = ViewController.swift; sourceTree = "<group>"; };
		9C6731331E900BC900C2D9FE /* Base */ = {isa = PBXFileReference; lastKnownFileType = file.storyboard; name = Base; path = Base.lproj/Main.storyboard; sourceTree = "<group>"; };
		9C6731361E900BC900C2D9FE /* alexa_simulator.xcdatamodel */ = {isa = PBXFileReference; lastKnownFileType = wrapper.xcdatamodel; path = alexa_simulator.xcdatamodel; sourceTree = "<group>"; };
		9C6731381E900BC900C2D9FE /* Assets.xcassets */ = {isa = PBXFileReference; lastKnownFileType = folder.assetcatalog; path = Assets.xcassets; sourceTree = "<group>"; };
		9C67313B1E900BC900C2D9FE /* Base */ = {isa = PBXFileReference; lastKnownFileType = file.storyboard; name = Base; path = Base.lproj/LaunchScreen.storyboard; sourceTree = "<group>"; };
		9C67313D1E900BC900C2D9FE /* Info.plist */ = {isa = PBXFileReference; lastKnownFileType = text.plist.xml; path = Info.plist; sourceTree = "<group>"; };
		9C6731431E900E0100C2D9FE /* UI+ViewController.swift */ = {isa = PBXFileReference; fileEncoding = 4; lastKnownFileType = sourcecode.swift; path = "UI+ViewController.swift"; sourceTree = "<group>"; };
		9C6731451E90125600C2D9FE /* ReadAudio+ViewController.swift */ = {isa = PBXFileReference; fileEncoding = 4; lastKnownFileType = sourcecode.swift; path = "ReadAudio+ViewController.swift"; sourceTree = "<group>"; };
		E1230B6B2FFB1A81D0F7B89F /* Pods-alexa-simulator.release.xcconfig */ = {isa = PBXFileReference; includeInIndex = 1; lastKnownFileType = text.xcconfig; name = "Pods-alexa-simulator.release.xcconfig"; path = "Pods/Target Support Files/Pods-alexa-simulator/Pods-alexa-simulator.release.xcconfig"; sourceTree = "<group>"; };
/* End PBXFileReference section */

/* Begin PBXFrameworksBuildPhase section */
		9C6731281E900BC900C2D9FE /* Frameworks */ = {
			isa = PBXFrameworksBuildPhase;
			buildActionMask = 2147483647;
			files = (
				BBDB3B034C5624D7702FBD40 /* Pods_alexa_simulator.framework in Frameworks */,
			);
			runOnlyForDeploymentPostprocessing = 0;
		};
/* End PBXFrameworksBuildPhase section */

/* Begin PBXGroup section */
		0CBFBC55C517C9E8576F3417 /* Pods */ = {
			isa = PBXGroup;
			children = (
				61D4EA6B89B74C78820688BA /* Pods-alexa-simulator.debug.xcconfig */,
				E1230B6B2FFB1A81D0F7B89F /* Pods-alexa-simulator.release.xcconfig */,
			);
			name = Pods;
			sourceTree = "<group>";
		};
		3801378607B1D4D0993F9B68 /* Frameworks */ = {
			isa = PBXGroup;
			children = (
				321B1EED65E8497D70FF4C3B /* Pods_alexa_simulator.framework */,
			);
			name = Frameworks;
			sourceTree = "<group>";
		};
		9C6731221E900BC900C2D9FE = {
			isa = PBXGroup;
			children = (
				9C67312D1E900BC900C2D9FE /* alexa-simulator */,
				9C67312C1E900BC900C2D9FE /* Products */,
				0CBFBC55C517C9E8576F3417 /* Pods */,
				3801378607B1D4D0993F9B68 /* Frameworks */,
			);
			sourceTree = "<group>";
		};
		9C67312C1E900BC900C2D9FE /* Products */ = {
			isa = PBXGroup;
			children = (
				9C67312B1E900BC900C2D9FE /* alexa-simulator.app */,
			);
			name = Products;
			sourceTree = "<group>";
		};
		9C67312D1E900BC900C2D9FE /* alexa-simulator */ = {
			isa = PBXGroup;
			children = (
				9C67312E1E900BC900C2D9FE /* AppDelegate.swift */,
				9C6731301E900BC900C2D9FE /* ViewController.swift */,
				9C6731451E90125600C2D9FE /* ReadAudio+ViewController.swift */,
				9C5454CE1E90221800543BF2 /* API+ViewController.swift */,
				9C6731431E900E0100C2D9FE /* UI+ViewController.swift */,
				9C6731321E900BC900C2D9FE /* Main.storyboard */,
				9C6731381E900BC900C2D9FE /* Assets.xcassets */,
				9C67313A1E900BC900C2D9FE /* LaunchScreen.storyboard */,
				9C67313D1E900BC900C2D9FE /* Info.plist */,
				9C6731351E900BC900C2D9FE /* alexa_simulator.xcdatamodeld */,
			);
			path = "alexa-simulator";
			sourceTree = "<group>";
		};
/* End PBXGroup section */

/* Begin PBXNativeTarget section */
		9C67312A1E900BC900C2D9FE /* alexa-simulator */ = {
			isa = PBXNativeTarget;
			buildConfigurationList = 9C6731401E900BC900C2D9FE /* Build configuration list for PBXNativeTarget "alexa-simulator" */;
			buildPhases = (
				6D95BA0CF0FB4DF596790E18 /* [CP] Check Pods Manifest.lock */,
				9C6731271E900BC900C2D9FE /* Sources */,
				9C6731281E900BC900C2D9FE /* Frameworks */,
				9C6731291E900BC900C2D9FE /* Resources */,
				B9EABDCC51001CF5A30959F3 /* [CP] Embed Pods Frameworks */,
				18AD947608C740A79FD3C42E /* [CP] Copy Pods Resources */,
			);
			buildRules = (
			);
			dependencies = (
			);
			name = "alexa-simulator";
			productName = "alexa-simulator";
			productReference = 9C67312B1E900BC900C2D9FE /* alexa-simulator.app */;
			productType = "com.apple.product-type.application";
		};
/* End PBXNativeTarget section */

/* Begin PBXProject section */
		9C6731231E900BC900C2D9FE /* Project object */ = {
			isa = PBXProject;
			attributes = {
				LastSwiftUpdateCheck = 0820;
				LastUpgradeCheck = 0820;
				ORGANIZATIONNAME = Eironeia;
				TargetAttributes = {
					9C67312A1E900BC900C2D9FE = {
						CreatedOnToolsVersion = 8.2.1;
						DevelopmentTeam = P455XF56F5;
						ProvisioningStyle = Automatic;
					};
				};
			};
			buildConfigurationList = 9C6731261E900BC900C2D9FE /* Build configuration list for PBXProject "alexa-simulator" */;
			compatibilityVersion = "Xcode 3.2";
			developmentRegion = English;
			hasScannedForEncodings = 0;
			knownRegions = (
				en,
				Base,
			);
			mainGroup = 9C6731221E900BC900C2D9FE;
			productRefGroup = 9C67312C1E900BC900C2D9FE /* Products */;
			projectDirPath = "";
			projectRoot = "";
			targets = (
				9C67312A1E900BC900C2D9FE /* alexa-simulator */,
			);
		};
/* End PBXProject section */

/* Begin PBXResourcesBuildPhase section */
		9C6731291E900BC900C2D9FE /* Resources */ = {
			isa = PBXResourcesBuildPhase;
			buildActionMask = 2147483647;
			files = (
				9C67313C1E900BC900C2D9FE /* LaunchScreen.storyboard in Resources */,
				9C6731391E900BC900C2D9FE /* Assets.xcassets in Resources */,
				9C6731341E900BC900C2D9FE /* Main.storyboard in Resources */,
			);
			runOnlyForDeploymentPostprocessing = 0;
		};
/* End PBXResourcesBuildPhase section */

/* Begin PBXShellScriptBuildPhase section */
		18AD947608C740A79FD3C42E /* [CP] Copy Pods Resources */ = {
			isa = PBXShellScriptBuildPhase;
			buildActionMask = 2147483647;
			files = (
			);
			inputPaths = (
			);
			name = "[CP] Copy Pods Resources";
			outputPaths = (
			);
			runOnlyForDeploymentPostprocessing = 0;
			shellPath = /bin/sh;
			shellScript = "\"${SRCROOT}/Pods/Target Support Files/Pods-alexa-simulator/Pods-alexa-simulator-resources.sh\"\n";
			showEnvVarsInLog = 0;
		};
		6D95BA0CF0FB4DF596790E18 /* [CP] Check Pods Manifest.lock */ = {
			isa = PBXShellScriptBuildPhase;
			buildActionMask = 2147483647;
			files = (
			);
			inputPaths = (
			);
			name = "[CP] Check Pods Manifest.lock";
			outputPaths = (
			);
			runOnlyForDeploymentPostprocessing = 0;
			shellPath = /bin/sh;
			shellScript = "diff \"${PODS_ROOT}/../Podfile.lock\" \"${PODS_ROOT}/Manifest.lock\" > /dev/null\nif [ $? != 0 ] ; then\n    # print error to STDERR\n    echo \"error: The sandbox is not in sync with the Podfile.lock. Run 'pod install' or update your CocoaPods installation.\" >&2\n    exit 1\nfi\n";
			showEnvVarsInLog = 0;
		};
		B9EABDCC51001CF5A30959F3 /* [CP] Embed Pods Frameworks */ = {
			isa = PBXShellScriptBuildPhase;
			buildActionMask = 2147483647;
			files = (
			);
			inputPaths = (
			);
			name = "[CP] Embed Pods Frameworks";
			outputPaths = (
			);
			runOnlyForDeploymentPostprocessing = 0;
			shellPath = /bin/sh;
			shellScript = "\"${SRCROOT}/Pods/Target Support Files/Pods-alexa-simulator/Pods-alexa-simulator-frameworks.sh\"\n";
			showEnvVarsInLog = 0;
		};
/* End PBXShellScriptBuildPhase section */

/* Begin PBXSourcesBuildPhase section */
		9C6731271E900BC900C2D9FE /* Sources */ = {
			isa = PBXSourcesBuildPhase;
			buildActionMask = 2147483647;
			files = (
				9C6731461E90125600C2D9FE /* ReadAudio+ViewController.swift in Sources */,
				9C6731311E900BC900C2D9FE /* ViewController.swift in Sources */,
				9C67312F1E900BC900C2D9FE /* AppDelegate.swift in Sources */,
				9C6731441E900E0100C2D9FE /* UI+ViewController.swift in Sources */,
				9C6731371E900BC900C2D9FE /* alexa_simulator.xcdatamodeld in Sources */,
				9C5454CF1E90221800543BF2 /* API+ViewController.swift in Sources */,
			);
			runOnlyForDeploymentPostprocessing = 0;
		};
/* End PBXSourcesBuildPhase section */

/* Begin PBXVariantGroup section */
		9C6731321E900BC900C2D9FE /* Main.storyboard */ = {
			isa = PBXVariantGroup;
			children = (
				9C6731331E900BC900C2D9FE /* Base */,
			);
			name = Main.storyboard;
			sourceTree = "<group>";
		};
		9C67313A1E900BC900C2D9FE /* LaunchScreen.storyboard */ = {
			isa = PBXVariantGroup;
			children = (
				9C67313B1E900BC900C2D9FE /* Base */,
			);
			name = LaunchScreen.storyboard;
			sourceTree = "<group>";
		};
/* End PBXVariantGroup section */

/* Begin XCBuildConfiguration section */
		9C67313E1E900BC900C2D9FE /* Debug */ = {
			isa = XCBuildConfiguration;
			buildSettings = {
				ALWAYS_SEARCH_USER_PATHS = NO;
				CLANG_ANALYZER_NONNULL = YES;
				CLANG_CXX_LANGUAGE_STANDARD = "gnu++0x";
				CLANG_CXX_LIBRARY = "libc++";
				CLANG_ENABLE_MODULES = YES;
				CLANG_ENABLE_OBJC_ARC = YES;
				CLANG_WARN_BOOL_CONVERSION = YES;
				CLANG_WARN_CONSTANT_CONVERSION = YES;
				CLANG_WARN_DIRECT_OBJC_ISA_USAGE = YES_ERROR;
				CLANG_WARN_DOCUMENTATION_COMMENTS = YES;
				CLANG_WARN_EMPTY_BODY = YES;
				CLANG_WARN_ENUM_CONVERSION = YES;
				CLANG_WARN_INFINITE_RECURSION = YES;
				CLANG_WARN_INT_CONVERSION = YES;
				CLANG_WARN_OBJC_ROOT_CLASS = YES_ERROR;
				CLANG_WARN_SUSPICIOUS_MOVE = YES;
				CLANG_WARN_UNREACHABLE_CODE = YES;
				CLANG_WARN__DUPLICATE_METHOD_MATCH = YES;
				"CODE_SIGN_IDENTITY[sdk=iphoneos*]" = "iPhone Developer";
				COPY_PHASE_STRIP = NO;
				DEBUG_INFORMATION_FORMAT = dwarf;
				ENABLE_STRICT_OBJC_MSGSEND = YES;
				ENABLE_TESTABILITY = YES;
				GCC_C_LANGUAGE_STANDARD = gnu99;
				GCC_DYNAMIC_NO_PIC = NO;
				GCC_NO_COMMON_BLOCKS = YES;
				GCC_OPTIMIZATION_LEVEL = 0;
				GCC_PREPROCESSOR_DEFINITIONS = (
					"DEBUG=1",
					"$(inherited)",
				);
				GCC_WARN_64_TO_32_BIT_CONVERSION = YES;
				GCC_WARN_ABOUT_RETURN_TYPE = YES_ERROR;
				GCC_WARN_UNDECLARED_SELECTOR = YES;
				GCC_WARN_UNINITIALIZED_AUTOS = YES_AGGRESSIVE;
				GCC_WARN_UNUSED_FUNCTION = YES;
				GCC_WARN_UNUSED_VARIABLE = YES;
				IPHONEOS_DEPLOYMENT_TARGET = 10.2;
				MTL_ENABLE_DEBUG_INFO = YES;
				ONLY_ACTIVE_ARCH = YES;
				SDKROOT = iphoneos;
				SWIFT_ACTIVE_COMPILATION_CONDITIONS = DEBUG;
				SWIFT_OPTIMIZATION_LEVEL = "-Onone";
			};
			name = Debug;
		};
		9C67313F1E900BC900C2D9FE /* Release */ = {
			isa = XCBuildConfiguration;
			buildSettings = {
				ALWAYS_SEARCH_USER_PATHS = NO;
				CLANG_ANALYZER_NONNULL = YES;
				CLANG_CXX_LANGUAGE_STANDARD = "gnu++0x";
				CLANG_CXX_LIBRARY = "libc++";
				CLANG_ENABLE_MODULES = YES;
				CLANG_ENABLE_OBJC_ARC = YES;
				CLANG_WARN_BOOL_CONVERSION = YES;
				CLANG_WARN_CONSTANT_CONVERSION = YES;
				CLANG_WARN_DIRECT_OBJC_ISA_USAGE = YES_ERROR;
				CLANG_WARN_DOCUMENTATION_COMMENTS = YES;
				CLANG_WARN_EMPTY_BODY = YES;
				CLANG_WARN_ENUM_CONVERSION = YES;
				CLANG_WARN_INFINITE_RECURSION = YES;
				CLANG_WARN_INT_CONVERSION = YES;
				CLANG_WARN_OBJC_ROOT_CLASS = YES_ERROR;
				CLANG_WARN_SUSPICIOUS_MOVE = YES;
				CLANG_WARN_UNREACHABLE_CODE = YES;
				CLANG_WARN__DUPLICATE_METHOD_MATCH = YES;
				"CODE_SIGN_IDENTITY[sdk=iphoneos*]" = "iPhone Developer";
				COPY_PHASE_STRIP = NO;
				DEBUG_INFORMATION_FORMAT = "dwarf-with-dsym";
				ENABLE_NS_ASSERTIONS = NO;
				ENABLE_STRICT_OBJC_MSGSEND = YES;
				GCC_C_LANGUAGE_STANDARD = gnu99;
				GCC_NO_COMMON_BLOCKS = YES;
				GCC_WARN_64_TO_32_BIT_CONVERSION = YES;
				GCC_WARN_ABOUT_RETURN_TYPE = YES_ERROR;
				GCC_WARN_UNDECLARED_SELECTOR = YES;
				GCC_WARN_UNINITIALIZED_AUTOS = YES_AGGRESSIVE;
				GCC_WARN_UNUSED_FUNCTION = YES;
				GCC_WARN_UNUSED_VARIABLE = YES;
				IPHONEOS_DEPLOYMENT_TARGET = 10.2;
				MTL_ENABLE_DEBUG_INFO = NO;
				SDKROOT = iphoneos;
				SWIFT_OPTIMIZATION_LEVEL = "-Owholemodule";
				VALIDATE_PRODUCT = YES;
			};
			name = Release;
		};
		9C6731411E900BC900C2D9FE /* Debug */ = {
			isa = XCBuildConfiguration;
			baseConfigurationReference = 61D4EA6B89B74C78820688BA /* Pods-alexa-simulator.debug.xcconfig */;
			buildSettings = {
				ASSETCATALOG_COMPILER_APPICON_NAME = AppIcon;
				DEVELOPMENT_TEAM = P455XF56F5;
				FRAMEWORK_SEARCH_PATHS = "$(inherited)";
				INFOPLIST_FILE = "alexa-simulator/Info.plist";
				LD_RUNPATH_SEARCH_PATHS = "$(inherited) @executable_path/Frameworks";
				PRODUCT_BUNDLE_IDENTIFIER = "com.eironeia.alexa-simulator";
				PRODUCT_NAME = "$(TARGET_NAME)";
				SWIFT_VERSION = 3.0;
			};
			name = Debug;
		};
		9C6731421E900BC900C2D9FE /* Release */ = {
			isa = XCBuildConfiguration;
			baseConfigurationReference = E1230B6B2FFB1A81D0F7B89F /* Pods-alexa-simulator.release.xcconfig */;
			buildSettings = {
				ASSETCATALOG_COMPILER_APPICON_NAME = AppIcon;
				DEVELOPMENT_TEAM = P455XF56F5;
				FRAMEWORK_SEARCH_PATHS = "$(inherited)";
				INFOPLIST_FILE = "alexa-simulator/Info.plist";
				LD_RUNPATH_SEARCH_PATHS = "$(inherited) @executable_path/Frameworks";
				PRODUCT_BUNDLE_IDENTIFIER = "com.eironeia.alexa-simulator";
				PRODUCT_NAME = "$(TARGET_NAME)";
				SWIFT_VERSION = 3.0;
			};
			name = Release;
		};
/* End XCBuildConfiguration section */

/* Begin XCConfigurationList section */
		9C6731261E900BC900C2D9FE /* Build configuration list for PBXProject "alexa-simulator" */ = {
			isa = XCConfigurationList;
			buildConfigurations = (
				9C67313E1E900BC900C2D9FE /* Debug */,
				9C67313F1E900BC900C2D9FE /* Release */,
			);
			defaultConfigurationIsVisible = 0;
			defaultConfigurationName = Release;
		};
		9C6731401E900BC900C2D9FE /* Build configuration list for PBXNativeTarget "alexa-simulator" */ = {
			isa = XCConfigurationList;
			buildConfigurations = (
				9C6731411E900BC900C2D9FE /* Debug */,
				9C6731421E900BC900C2D9FE /* Release */,
			);
			defaultConfigurationIsVisible = 0;
			defaultConfigurationName = Release;
		};
/* End XCConfigurationList section */

/* Begin XCVersionGroup section */
		9C6731351E900BC900C2D9FE /* alexa_simulator.xcdatamodeld */ = {
			isa = XCVersionGroup;
			children = (
				9C6731361E900BC900C2D9FE /* alexa_simulator.xcdatamodel */,
			);
			currentVersion = 9C6731361E900BC900C2D9FE /* alexa_simulator.xcdatamodel */;
			path = alexa_simulator.xcdatamodeld;
			sourceTree = "<group>";
			versionGroupType = wrapper.xcdatamodel;
		};
/* End XCVersionGroup section */
	};
	rootObject = 9C6731231E900BC900C2D9FE /* Project object */;
}
